// !$*UTF8*$!
{
	archiveVersion = 1;
	classes = {
	};
	objectVersion = 46;
	objects = {

/* Begin PBXBuildFile section */
		0815B2581CB462A40074DA02 /* AppDelegate.swift in Sources */ = {isa = PBXBuildFile; fileRef = 0815B2571CB462A40074DA02 /* AppDelegate.swift */; };
		0815B25A1CB462A40074DA02 /* ViewController.swift in Sources */ = {isa = PBXBuildFile; fileRef = 0815B2591CB462A40074DA02 /* ViewController.swift */; };
		0815B25D1CB462A40074DA02 /* Main.storyboard in Resources */ = {isa = PBXBuildFile; fileRef = 0815B25B1CB462A40074DA02 /* Main.storyboard */; };
		0815B2601CB462A40074DA02 /* Magellan.xcdatamodeld in Sources */ = {isa = PBXBuildFile; fileRef = 0815B25E1CB462A40074DA02 /* Magellan.xcdatamodeld */; };
		0815B2621CB462A40074DA02 /* Assets.xcassets in Resources */ = {isa = PBXBuildFile; fileRef = 0815B2611CB462A40074DA02 /* Assets.xcassets */; };
		0815B2651CB462A40074DA02 /* LaunchScreen.storyboard in Resources */ = {isa = PBXBuildFile; fileRef = 0815B2631CB462A40074DA02 /* LaunchScreen.storyboard */; };
/* End PBXBuildFile section */

/* Begin PBXFileReference section */
		0815B2541CB462A40074DA02 /* Magellan.app */ = {isa = PBXFileReference; explicitFileType = wrapper.application; includeInIndex = 0; path = Magellan.app; sourceTree = BUILT_PRODUCTS_DIR; };
		0815B2571CB462A40074DA02 /* AppDelegate.swift */ = {isa = PBXFileReference; lastKnownFileType = sourcecode.swift; path = AppDelegate.swift; sourceTree = "<group>"; };
		0815B2591CB462A40074DA02 /* ViewController.swift */ = {isa = PBXFileReference; lastKnownFileType = sourcecode.swift; path = ViewController.swift; sourceTree = "<group>"; };
		0815B25C1CB462A40074DA02 /* Base */ = {isa = PBXFileReference; lastKnownFileType = file.storyboard; name = Base; path = Base.lproj/Main.storyboard; sourceTree = "<group>"; };
		0815B25F1CB462A40074DA02 /* Magellan.xcdatamodel */ = {isa = PBXFileReference; lastKnownFileType = wrapper.xcdatamodel; path = Magellan.xcdatamodel; sourceTree = "<group>"; };
		0815B2611CB462A40074DA02 /* Assets.xcassets */ = {isa = PBXFileReference; lastKnownFileType = folder.assetcatalog; path = Assets.xcassets; sourceTree = "<group>"; };
		0815B2641CB462A40074DA02 /* Base */ = {isa = PBXFileReference; lastKnownFileType = file.storyboard; name = Base; path = Base.lproj/LaunchScreen.storyboard; sourceTree = "<group>"; };
		0815B2661CB462A40074DA02 /* Info.plist */ = {isa = PBXFileReference; lastKnownFileType = text.plist.xml; path = Info.plist; sourceTree = "<group>"; };
/* End PBXFileReference section */

/* Begin PBXFrameworksBuildPhase section */
		0815B2511CB462A40074DA02 /* Frameworks */ = {
			isa = PBXFrameworksBuildPhase;
			buildActionMask = 2147483647;
			files = (
			);
			runOnlyForDeploymentPostprocessing = 0;
		};
/* End PBXFrameworksBuildPhase section */

/* Begin PBXGroup section */
		0815B24B1CB462A40074DA02 = {
			isa = PBXGroup;
			children = (
				0815B2561CB462A40074DA02 /* Magellan */,
				0815B2551CB462A40074DA02 /* Products */,
			);
			sourceTree = "<group>";
		};
		0815B2551CB462A40074DA02 /* Products */ = {
			isa = PBXGroup;
			children = (
				0815B2541CB462A40074DA02 /* Magellan.app */,
			);
			name = Products;
			sourceTree = "<group>";
		};
		0815B2561CB462A40074DA02 /* Magellan */ = {
			isa = PBXGroup;
			children = (
				0815B2571CB462A40074DA02 /* AppDelegate.swift */,
				0815B2591CB462A40074DA02 /* ViewController.swift */,
				0815B25B1CB462A40074DA02 /* Main.storyboard */,
				0815B2611CB462A40074DA02 /* Assets.xcassets */,
				0815B2631CB462A40074DA02 /* LaunchScreen.storyboard */,
				0815B2661CB462A40074DA02 /* Info.plist */,
				0815B25E1CB462A40074DA02 /* Magellan.xcdatamodeld */,
			);
			path = Magellan;
			sourceTree = "<group>";
		};
/* End PBXGroup section */

/* Begin PBXNativeTarget section */
		0815B2531CB462A40074DA02 /* Magellan */ = {
			isa = PBXNativeTarget;
			buildConfigurationList = 0815B2691CB462A40074DA02 /* Build configuration list for PBXNativeTarget "Magellan" */;
			buildPhases = (
				0815B2501CB462A40074DA02 /* Sources */,
				0815B2511CB462A40074DA02 /* Frameworks */,
				0815B2521CB462A40074DA02 /* Resources */,
			);
			buildRules = (
			);
			dependencies = (
			);
			name = Magellan;
			productName = Magellan;
			productReference = 0815B2541CB462A40074DA02 /* Magellan.app */;
			productType = "com.apple.product-type.application";
		};
/* End PBXNativeTarget section */

/* Begin PBXProject section */
		0815B24C1CB462A40074DA02 /* Project object */ = {
			isa = PBXProject;
			attributes = {
				LastSwiftUpdateCheck = 0730;
				LastUpgradeCheck = 0730;
				ORGANIZATIONNAME = "Wyeth Jackson";
				TargetAttributes = {
					0815B2531CB462A40074DA02 = {
						CreatedOnToolsVersion = 7.3;
					};
				};
			};
			buildConfigurationList = 0815B24F1CB462A40074DA02 /* Build configuration list for PBXProject "Magellan" */;
			compatibilityVersion = "Xcode 3.2";
			developmentRegion = English;
			hasScannedForEncodings = 0;
			knownRegions = (
				en,
				Base,
			);
			mainGroup = 0815B24B1CB462A40074DA02;
			productRefGroup = 0815B2551CB462A40074DA02 /* Products */;
			projectDirPath = "";
			projectRoot = "";
			targets = (
				0815B2531CB462A40074DA02 /* Magellan */,
			);
		};
/* End PBXProject section */

/* Begin PBXResourcesBuildPhase section */
		0815B2521CB462A40074DA02 /* Resources */ = {
			isa = PBXResourcesBuildPhase;
			buildActionMask = 2147483647;
			files = (
				0815B2651CB462A40074DA02 /* LaunchScreen.storyboard in Resources */,
				0815B2621CB462A40074DA02 /* Assets.xcassets in Resources */,
				0815B25D1CB462A40074DA02 /* Main.storyboard in Resources */,
			);
			runOnlyForDeploymentPostprocessing = 0;
		};
/* End PBXResourcesBuildPhase section */

/* Begin PBXSourcesBuildPhase section */
		0815B2501CB462A40074DA02 /* Sources */ = {
			isa = PBXSourcesBuildPhase;
			buildActionMask = 2147483647;
			files = (
				0815B2601CB462A40074DA02 /* Magellan.xcdatamodeld in Sources */,
				0815B25A1CB462A40074DA02 /* ViewController.swift in Sources */,
				0815B2581CB462A40074DA02 /* AppDelegate.swift in Sources */,
			);
			runOnlyForDeploymentPostprocessing = 0;
		};
/* End PBXSourcesBuildPhase section */

/* Begin PBXVariantGroup section */
		0815B25B1CB462A40074DA02 /* Main.storyboard */ = {
			isa = PBXVariantGroup;
			children = (
				0815B25C1CB462A40074DA02 /* Base */,
			);
			name = Main.storyboard;
			sourceTree = "<group>";
		};
		0815B2631CB462A40074DA02 /* LaunchScreen.storyboard */ = {
			isa = PBXVariantGroup;
			children = (
				0815B2641CB462A40074DA02 /* Base */,
			);
			name = LaunchScreen.storyboard;
			sourceTree = "<group>";
		};
/* End PBXVariantGroup section */

/* Begin XCBuildConfiguration section */
		0815B2671CB462A40074DA02 /* Debug */ = {
			isa = XCBuildConfiguration;
			buildSettings = {
				ALWAYS_SEARCH_USER_PATHS = NO;
				CLANG_ANALYZER_NONNULL = YES;
				CLANG_CXX_LANGUAGE_STANDARD = "gnu++0x";
				CLANG_CXX_LIBRARY = "libc++";
				CLANG_ENABLE_MODULES = YES;
				CLANG_ENABLE_OBJC_ARC = YES;
				CLANG_WARN_BOOL_CONVERSION = YES;
				CLANG_WARN_CONSTANT_CONVERSION = YES;
				CLANG_WARN_DIRECT_OBJC_ISA_USAGE = YES_ERROR;
				CLANG_WARN_EMPTY_BODY = YES;
				CLANG_WARN_ENUM_CONVERSION = YES;
				CLANG_WARN_INT_CONVERSION = YES;
				CLANG_WARN_OBJC_ROOT_CLASS = YES_ERROR;
				CLANG_WARN_UNREACHABLE_CODE = YES;
				CLANG_WARN__DUPLICATE_METHOD_MATCH = YES;
				"CODE_SIGN_IDENTITY[sdk=iphoneos*]" = "iPhone Developer";
				COPY_PHASE_STRIP = NO;
				DEBUG_INFORMATION_FORMAT = dwarf;
				ENABLE_STRICT_OBJC_MSGSEND = YES;
				ENABLE_TESTABILITY = YES;
				GCC_C_LANGUAGE_STANDARD = gnu99;
				GCC_DYNAMIC_NO_PIC = NO;
				GCC_NO_COMMON_BLOCKS = YES;
				GCC_OPTIMIZATION_LEVEL = 0;
				GCC_PREPROCESSOR_DEFINITIONS = (
					"DEBUG=1",
					"$(inherited)",
				);
				GCC_WARN_64_TO_32_BIT_CONVERSION = YES;
				GCC_WARN_ABOUT_RETURN_TYPE = YES_ERROR;
				GCC_WARN_UNDECLARED_SELECTOR = YES;
				GCC_WARN_UNINITIALIZED_AUTOS = YES_AGGRESSIVE;
				GCC_WARN_UNUSED_FUNCTION = YES;
				GCC_WARN_UNUSED_VARIABLE = YES;
				IPHONEOS_DEPLOYMENT_TARGET = 9.3;
				MTL_ENABLE_DEBUG_INFO = YES;
				ONLY_ACTIVE_ARCH = YES;
				SDKROOT = iphoneos;
				SWIFT_OPTIMIZATION_LEVEL = "-Onone";
			};
			name = Debug;
		};
		0815B2681CB462A40074DA02 /* Release */ = {
			isa = XCBuildConfiguration;
			buildSettings = {
				ALWAYS_SEARCH_USER_PATHS = NO;
				CLANG_ANALYZER_NONNULL = YES;
				CLANG_CXX_LANGUAGE_STANDARD = "gnu++0x";
				CLANG_CXX_LIBRARY = "libc++";
				CLANG_ENABLE_MODULES = YES;
				CLANG_ENABLE_OBJC_ARC = YES;
				CLANG_WARN_BOOL_CONVERSION = YES;
				CLANG_WARN_CONSTANT_CONVERSION = YES;
				CLANG_WARN_DIRECT_OBJC_ISA_USAGE = YES_ERROR;
				CLANG_WARN_EMPTY_BODY = YES;
				CLANG_WARN_ENUM_CONVERSION = YES;
				CLANG_WARN_INT_CONVERSION = YES;
				CLANG_WARN_OBJC_ROOT_CLASS = YES_ERROR;
				CLANG_WARN_UNREACHABLE_CODE = YES;
				CLANG_WARN__DUPLICATE_METHOD_MATCH = YES;
				"CODE_SIGN_IDENTITY[sdk=iphoneos*]" = "iPhone Developer";
				COPY_PHASE_STRIP = NO;
				DEBUG_INFORMATION_FORMAT = "dwarf-with-dsym";
				ENABLE_NS_ASSERTIONS = NO;
				ENABLE_STRICT_OBJC_MSGSEND = YES;
				GCC_C_LANGUAGE_STANDARD = gnu99;
				GCC_NO_COMMON_BLOCKS = YES;
				GCC_WARN_64_TO_32_BIT_CONVERSION = YES;
				GCC_WARN_ABOUT_RETURN_TYPE = YES_ERROR;
				GCC_WARN_UNDECLARED_SELECTOR = YES;
				GCC_WARN_UNINITIALIZED_AUTOS = YES_AGGRESSIVE;
				GCC_WARN_UNUSED_FUNCTION = YES;
				GCC_WARN_UNUSED_VARIABLE = YES;
				IPHONEOS_DEPLOYMENT_TARGET = 9.3;
				MTL_ENABLE_DEBUG_INFO = NO;
				SDKROOT = iphoneos;
				VALIDATE_PRODUCT = YES;
			};
			name = Release;
		};
		0815B26A1CB462A40074DA02 /* Debug */ = {
			isa = XCBuildConfiguration;
			buildSettings = {
				ASSETCATALOG_COMPILER_APPICON_NAME = AppIcon;
				INFOPLIST_FILE = Magellan/Info.plist;
				LD_RUNPATH_SEARCH_PATHS = "$(inherited) @executable_path/Frameworks";
				PRODUCT_BUNDLE_IDENTIFIER = com.wyethjackson.Magellan;
				PRODUCT_NAME = "$(TARGET_NAME)";
			};
			name = Debug;
		};
		0815B26B1CB462A40074DA02 /* Release */ = {
			isa = XCBuildConfiguration;
			buildSettings = {
				ASSETCATALOG_COMPILER_APPICON_NAME = AppIcon;
				INFOPLIST_FILE = Magellan/Info.plist;
				LD_RUNPATH_SEARCH_PATHS = "$(inherited) @executable_path/Frameworks";
				PRODUCT_BUNDLE_IDENTIFIER = com.wyethjackson.Magellan;
				PRODUCT_NAME = "$(TARGET_NAME)";
			};
			name = Release;
		};
/* End XCBuildConfiguration section */

/* Begin XCConfigurationList section */
		0815B24F1CB462A40074DA02 /* Build configuration list for PBXProject "Magellan" */ = {
			isa = XCConfigurationList;
			buildConfigurations = (
				0815B2671CB462A40074DA02 /* Debug */,
				0815B2681CB462A40074DA02 /* Release */,
			);
			defaultConfigurationIsVisible = 0;
			defaultConfigurationName = Release;
		};
		0815B2691CB462A40074DA02 /* Build configuration list for PBXNativeTarget "Magellan" */ = {
			isa = XCConfigurationList;
			buildConfigurations = (
				0815B26A1CB462A40074DA02 /* Debug */,
				0815B26B1CB462A40074DA02 /* Release */,
			);
			defaultConfigurationIsVisible = 0;
		};
/* End XCConfigurationList section */

/* Begin XCVersionGroup section */
		0815B25E1CB462A40074DA02 /* Magellan.xcdatamodeld */ = {
			isa = XCVersionGroup;
			children = (
				0815B25F1CB462A40074DA02 /* Magellan.xcdatamodel */,
			);
			currentVersion = 0815B25F1CB462A40074DA02 /* Magellan.xcdatamodel */;
			path = Magellan.xcdatamodeld;
			sourceTree = "<group>";
			versionGroupType = wrapper.xcdatamodel;
		};
/* End XCVersionGroup section */
	};
	rootObject = 0815B24C1CB462A40074DA02 /* Project object */;
}
